
Microsoft Visual Studio Solution File, Format Version 12.00
# Visual Studio Version 17
VisualStudioVersion = 17.14.36414.22 d17.14
MinimumVisualStudioVersion = 10.0.40219.1
Project("{FAE04EC0-301F-11D3-BF4B-00C04F79EFBC}") = "Laboratorio 84", "Laboratorio 84.csproj", "{8F14B08F-7BAC-4223-9B92-31665D5EECAC}"
EndProject
Global
	GlobalSection(SolutionConfigurationPlatforms) = preSolution
		Debug|Any CPU = Debug|Any CPU
		Release|Any CPU = Release|Any CPU
	EndGlobalSection
	GlobalSection(ProjectConfigurationPlatforms) = postSolution
		{8F14B08F-7BAC-4223-9B92-31665D5EECAC}.Debug|Any CPU.ActiveCfg = Debug|Any CPU
		{8F14B08F-7BAC-4223-9B92-31665D5EECAC}.Debug|Any CPU.Build.0 = Debug|Any CPU
		{8F14B08F-7BAC-4223-9B92-31665D5EECAC}.Release|Any CPU.ActiveCfg = Release|Any CPU
		{8F14B08F-7BAC-4223-9B92-31665D5EECAC}.Release|Any CPU.Build.0 = Release|Any CPU
	EndGlobalSection
	GlobalSection(SolutionProperties) = preSolution
		HideSolutionNode = FALSE
	EndGlobalSection
	GlobalSection(ExtensibilityGlobals) = postSolution
		SolutionGuid = {A53BEA11-38B9-4E05-AE10-4FBBFB7421F5}
	EndGlobalSection
EndGlobal
