
Microsoft Visual Studio Solution File, Format Version 12.00
# Visual Studio Version 17
VisualStudioVersion = 17.14.36414.22 d17.14
MinimumVisualStudioVersion = 10.0.40219.1
Project("{FAE04EC0-301F-11D3-BF4B-00C04F79EFBC}") = "Laboratorio 32", "Laboratorio 32.csproj", "{7EF41670-93B8-4440-8703-16504FB2BDB7}"
EndProject
Global
	GlobalSection(SolutionConfigurationPlatforms) = preSolution
		Debug|Any CPU = Debug|Any CPU
		Release|Any CPU = Release|Any CPU
	EndGlobalSection
	GlobalSection(ProjectConfigurationPlatforms) = postSolution
		{7EF41670-93B8-4440-8703-16504FB2BDB7}.Debug|Any CPU.ActiveCfg = Debug|Any CPU
		{7EF41670-93B8-4440-8703-16504FB2BDB7}.Debug|Any CPU.Build.0 = Debug|Any CPU
		{7EF41670-93B8-4440-8703-16504FB2BDB7}.Release|Any CPU.ActiveCfg = Release|Any CPU
		{7EF41670-93B8-4440-8703-16504FB2BDB7}.Release|Any CPU.Build.0 = Release|Any CPU
	EndGlobalSection
	GlobalSection(SolutionProperties) = preSolution
		HideSolutionNode = FALSE
	EndGlobalSection
	GlobalSection(ExtensibilityGlobals) = postSolution
		SolutionGuid = {78FFF041-E1FE-4C52-8271-08C7FA1A6002}
	EndGlobalSection
EndGlobal
