
Microsoft Visual Studio Solution File, Format Version 12.00
# Visual Studio Version 17
VisualStudioVersion = 17.14.36414.22 d17.14
MinimumVisualStudioVersion = 10.0.40219.1
Project("{FAE04EC0-301F-11D3-BF4B-00C04F79EFBC}") = "Laboratorio 11", "Laboratorio 11.csproj", "{2642957A-D279-441A-BD60-2EA5BBF7E848}"
EndProject
Global
	GlobalSection(SolutionConfigurationPlatforms) = preSolution
		Debug|Any CPU = Debug|Any CPU
		Release|Any CPU = Release|Any CPU
	EndGlobalSection
	GlobalSection(ProjectConfigurationPlatforms) = postSolution
		{2642957A-D279-441A-BD60-2EA5BBF7E848}.Debug|Any CPU.ActiveCfg = Debug|Any CPU
		{2642957A-D279-441A-BD60-2EA5BBF7E848}.Debug|Any CPU.Build.0 = Debug|Any CPU
		{2642957A-D279-441A-BD60-2EA5BBF7E848}.Release|Any CPU.ActiveCfg = Release|Any CPU
		{2642957A-D279-441A-BD60-2EA5BBF7E848}.Release|Any CPU.Build.0 = Release|Any CPU
	EndGlobalSection
	GlobalSection(SolutionProperties) = preSolution
		HideSolutionNode = FALSE
	EndGlobalSection
	GlobalSection(ExtensibilityGlobals) = postSolution
		SolutionGuid = {B2A373D6-825C-4857-B0B6-FE12A0DA14CB}
	EndGlobalSection
EndGlobal
