
Microsoft Visual Studio Solution File, Format Version 12.00
# Visual Studio Version 17
VisualStudioVersion = 17.14.36414.22 d17.14
MinimumVisualStudioVersion = 10.0.40219.1
Project("{FAE04EC0-301F-11D3-BF4B-00C04F79EFBC}") = "Laboratorio 94", "Laboratorio 94.csproj", "{4781FD43-C1AF-4179-AE96-35CDB088F17E}"
EndProject
Project("{FAE04EC0-301F-11D3-BF4B-00C04F79EFBC}") = "Laboratorio 95", "..\Laboratorio 95\Laboratorio 95.csproj", "{12F888DE-EC90-4115-AF8A-E64D1407F5DD}"
EndProject
Global
	GlobalSection(SolutionConfigurationPlatforms) = preSolution
		Debug|Any CPU = Debug|Any CPU
		Release|Any CPU = Release|Any CPU
	EndGlobalSection
	GlobalSection(ProjectConfigurationPlatforms) = postSolution
		{4781FD43-C1AF-4179-AE96-35CDB088F17E}.Debug|Any CPU.ActiveCfg = Debug|Any CPU
		{4781FD43-C1AF-4179-AE96-35CDB088F17E}.Debug|Any CPU.Build.0 = Debug|Any CPU
		{4781FD43-C1AF-4179-AE96-35CDB088F17E}.Release|Any CPU.ActiveCfg = Release|Any CPU
		{4781FD43-C1AF-4179-AE96-35CDB088F17E}.Release|Any CPU.Build.0 = Release|Any CPU
		{12F888DE-EC90-4115-AF8A-E64D1407F5DD}.Debug|Any CPU.ActiveCfg = Debug|Any CPU
		{12F888DE-EC90-4115-AF8A-E64D1407F5DD}.Debug|Any CPU.Build.0 = Debug|Any CPU
		{12F888DE-EC90-4115-AF8A-E64D1407F5DD}.Release|Any CPU.ActiveCfg = Release|Any CPU
		{12F888DE-EC90-4115-AF8A-E64D1407F5DD}.Release|Any CPU.Build.0 = Release|Any CPU
	EndGlobalSection
	GlobalSection(SolutionProperties) = preSolution
		HideSolutionNode = FALSE
	EndGlobalSection
	GlobalSection(ExtensibilityGlobals) = postSolution
		SolutionGuid = {3E026A4F-DE3D-4316-A5E6-8B8D7DF26BB3}
	EndGlobalSection
EndGlobal
