
Microsoft Visual Studio Solution File, Format Version 12.00
# Visual Studio Version 17
VisualStudioVersion = 17.14.36414.22 d17.14
MinimumVisualStudioVersion = 10.0.40219.1
Project("{FAE04EC0-301F-11D3-BF4B-00C04F79EFBC}") = "Laboratorio 64", "Laboratorio 64.csproj", "{3C92A74D-5124-4B31-BD43-546E2BE016AB}"
EndProject
Global
	GlobalSection(SolutionConfigurationPlatforms) = preSolution
		Debug|Any CPU = Debug|Any CPU
		Release|Any CPU = Release|Any CPU
	EndGlobalSection
	GlobalSection(ProjectConfigurationPlatforms) = postSolution
		{3C92A74D-5124-4B31-BD43-546E2BE016AB}.Debug|Any CPU.ActiveCfg = Debug|Any CPU
		{3C92A74D-5124-4B31-BD43-546E2BE016AB}.Debug|Any CPU.Build.0 = Debug|Any CPU
		{3C92A74D-5124-4B31-BD43-546E2BE016AB}.Release|Any CPU.ActiveCfg = Release|Any CPU
		{3C92A74D-5124-4B31-BD43-546E2BE016AB}.Release|Any CPU.Build.0 = Release|Any CPU
	EndGlobalSection
	GlobalSection(SolutionProperties) = preSolution
		HideSolutionNode = FALSE
	EndGlobalSection
	GlobalSection(ExtensibilityGlobals) = postSolution
		SolutionGuid = {22F7B1E1-F2A0-44F2-88DE-D96F7C37819B}
	EndGlobalSection
EndGlobal
