
Microsoft Visual Studio Solution File, Format Version 12.00
# Visual Studio Version 17
VisualStudioVersion = 17.14.36414.22 d17.14
MinimumVisualStudioVersion = 10.0.40219.1
Project("{FAE04EC0-301F-11D3-BF4B-00C04F79EFBC}") = "Laboratorio 83", "Laboratorio 83.csproj", "{E265FF9C-A913-432A-8394-EBC62BA3185E}"
EndProject
Global
	GlobalSection(SolutionConfigurationPlatforms) = preSolution
		Debug|Any CPU = Debug|Any CPU
		Release|Any CPU = Release|Any CPU
	EndGlobalSection
	GlobalSection(ProjectConfigurationPlatforms) = postSolution
		{E265FF9C-A913-432A-8394-EBC62BA3185E}.Debug|Any CPU.ActiveCfg = Debug|Any CPU
		{E265FF9C-A913-432A-8394-EBC62BA3185E}.Debug|Any CPU.Build.0 = Debug|Any CPU
		{E265FF9C-A913-432A-8394-EBC62BA3185E}.Release|Any CPU.ActiveCfg = Release|Any CPU
		{E265FF9C-A913-432A-8394-EBC62BA3185E}.Release|Any CPU.Build.0 = Release|Any CPU
	EndGlobalSection
	GlobalSection(SolutionProperties) = preSolution
		HideSolutionNode = FALSE
	EndGlobalSection
	GlobalSection(ExtensibilityGlobals) = postSolution
		SolutionGuid = {9FAE56FB-DC9C-4DB2-95BD-F0E375079FD2}
	EndGlobalSection
EndGlobal
