
Microsoft Visual Studio Solution File, Format Version 12.00
# Visual Studio Version 17
VisualStudioVersion = 17.14.36717.8 d17.14
MinimumVisualStudioVersion = 10.0.40219.1
Project("{FAE04EC0-301F-11D3-BF4B-00C04F79EFBC}") = "Laboratorio 153", "Laboratorio 153.csproj", "{F6CAE277-74CF-476D-8214-A49CD9693938}"
EndProject
Global
	GlobalSection(SolutionConfigurationPlatforms) = preSolution
		Debug|Any CPU = Debug|Any CPU
		Release|Any CPU = Release|Any CPU
	EndGlobalSection
	GlobalSection(ProjectConfigurationPlatforms) = postSolution
		{F6CAE277-74CF-476D-8214-A49CD9693938}.Debug|Any CPU.ActiveCfg = Debug|Any CPU
		{F6CAE277-74CF-476D-8214-A49CD9693938}.Debug|Any CPU.Build.0 = Debug|Any CPU
		{F6CAE277-74CF-476D-8214-A49CD9693938}.Release|Any CPU.ActiveCfg = Release|Any CPU
		{F6CAE277-74CF-476D-8214-A49CD9693938}.Release|Any CPU.Build.0 = Release|Any CPU
	EndGlobalSection
	GlobalSection(SolutionProperties) = preSolution
		HideSolutionNode = FALSE
	EndGlobalSection
	GlobalSection(ExtensibilityGlobals) = postSolution
		SolutionGuid = {B302BEE4-BAA4-41AB-800A-BA173A22301F}
	EndGlobalSection
EndGlobal
